<?xml version="1.0" encoding="utf-8"?>
<Project ToolsVersion="4.0" xmlns="http://schemas.microsoft.com/developer/msbuild/2003">
  <ItemGroup>
    <Filter Include="ソース ファイル">
      <UniqueIdentifier>{4FC737F1-C7A5-4376-A066-2A32D752A2FF}</UniqueIdentifier>
      <Extensions>cpp;c;cc;cxx;c++;cppm;ixx;def;odl;idl;hpj;bat;asm;asmx</Extensions>
    </Filter>
    <Filter Include="ヘッダー ファイル">
      <UniqueIdentifier>{93995380-89BD-4b04-88EB-625FBE52EBFB}</UniqueIdentifier>
      <Extensions>h;hh;hpp;hxx;h++;hm;inl;inc;ipp;xsd</Extensions>
    </Filter>
    <Filter Include="リソース ファイル">
      <UniqueIdentifier>{67DA6AB6-F800-4c08-8B7A-83BB121AAD01}</UniqueIdentifier>
      <Extensions>rc;ico;cur;bmp;dlg;rc2;rct;bin;rgs;gif;jpg;jpeg;jpe;resx;tiff;tif;png;wav;mfcribbon-ms</Extensions>
    </Filter>
    <Filter Include="RoseAura Interface">
      <UniqueIdentifier>{162150b2-d62e-4c31-897a-22208cdc693f}</UniqueIdentifier>
    </Filter>
    <Filter Include="external">
      <UniqueIdentifier>{81b91088-031e-4384-9e8e-bbc08844701a}</UniqueIdentifier>
    </Filter>
    <Filter Include="MediaUtility">
      <UniqueIdentifier>{36095f2b-cf6b-4037-9085-646c4a42ed51}</UniqueIdentifier>
    </Filter>
  </ItemGroup>
  <ItemGroup>
    <ClCompile Include="framework\src\CentralLooper.cpp">
      <Filter>ソース ファイル</Filter>
    </ClCompile>
    <ClCompile Include="framework\src\GraphicsManager.cpp">
      <Filter>ソース ファイル</Filter>
    </ClCompile>
    <ClCompile Include="framework\src\InputHandler.cpp">
      <Filter>ソース ファイル</Filter>
    </ClCompile>
    <ClCompile Include="framework\src\ObjectActivator.cpp">
      <Filter>ソース ファイル</Filter>
    </ClCompile>
    <ClCompile Include="framework\src\Utility.cpp">
      <Filter>ソース ファイル</Filter>
    </ClCompile>
    <ClCompile Include="framework\src\WorldNavigator.cpp">
      <Filter>ソース ファイル</Filter>
    </ClCompile>
    <ClCompile Include="framework\src\RoseAura.cpp">
      <Filter>ソース ファイル</Filter>
    </ClCompile>
    <ClCompile Include="framework\src\SoundCoordinator.cpp">
      <Filter>ソース ファイル</Filter>
    </ClCompile>
    <ClCompile Include="framework\src\sound\SamplingRateConverter.cpp">
      <Filter>ソース ファイル</Filter>
    </ClCompile>
    <ClCompile Include="external\libwebm\common\file_util.cc">
      <Filter>external</Filter>
    </ClCompile>
    <ClCompile Include="external\libwebm\mkvparser\mkvparser.cc">
      <Filter>external</Filter>
    </ClCompile>
    <ClCompile Include="external\libwebm\mkvparser\mkvreader.cc">
      <Filter>external</Filter>
    </ClCompile>
    <ClCompile Include="framework\src\ConditionSaver.cpp">
      <Filter>ソース ファイル</Filter>
    </ClCompile>
    <ClCompile Include="framework\src\StoryAnchor.cpp">
      <Filter>ソース ファイル</Filter>
    </ClCompile>
    <ClCompile Include="framework\src\media_utility\WaveFileHolderInternal.cpp">
      <Filter>MediaUtility</Filter>
    </ClCompile>
    <ClCompile Include="framework\src\media_utility\MediaUtility.cpp">
      <Filter>MediaUtility</Filter>
    </ClCompile>
    <ClCompile Include="framework\src\media_utility\OpusFileHolderInternal.cpp">
      <Filter>MediaUtility</Filter>
    </ClCompile>
    <ClCompile Include="framework\src\media_utility\VideoFileHolderInternal.cpp">
      <Filter>MediaUtility</Filter>
    </ClCompile>
    <ClCompile Include="framework\src\media_utility\PreRenderThreadInternal.cpp">
      <Filter>MediaUtility</Filter>
    </ClCompile>
    <ClCompile Include="framework\src\media_utility\MultiBlockBufferInternal.cpp">
      <Filter>MediaUtility</Filter>
    </ClCompile>
    <ClCompile Include="framework\src\media_utility\MovieRendererInternal.cpp">
      <Filter>MediaUtility</Filter>
    </ClCompile>
    <ClCompile Include="framework\src\media_utility\SoundSnapshotRendererInternal.cpp">
      <Filter>MediaUtility</Filter>
    </ClCompile>
    <ClCompile Include="framework\src\media_utility\MusicRendererInternal.cpp">
      <Filter>MediaUtility</Filter>
    </ClCompile>
    <ClCompile Include="framework\src\GeometricalUtility.cpp">
      <Filter>ソース ファイル</Filter>
    </ClCompile>
  </ItemGroup>
  <ItemGroup>
    <ClInclude Include="framework\src\CentralLooper.h">
      <Filter>ヘッダー ファイル</Filter>
    </ClInclude>
    <ClInclude Include="framework\src\GraphicsManager.h">
      <Filter>ヘッダー ファイル</Filter>
    </ClInclude>
    <ClInclude Include="framework\src\ObjectActivator.h">
      <Filter>ヘッダー ファイル</Filter>
    </ClInclude>
    <ClInclude Include="framework\src\Utility.h">
      <Filter>ヘッダー ファイル</Filter>
    </ClInclude>
    <ClInclude Include="framework\src\WorldNavigator.h">
      <Filter>ヘッダー ファイル</Filter>
    </ClInclude>
    <ClInclude Include="framework\include\RoseAura.h">
      <Filter>RoseAura Interface</Filter>
    </ClInclude>
    <ClInclude Include="framework\include\ICentralLooper.h">
      <Filter>RoseAura Interface</Filter>
    </ClInclude>
    <ClInclude Include="framework\include\IGraphicsManager.h">
      <Filter>RoseAura Interface</Filter>
    </ClInclude>
    <ClInclude Include="framework\include\IInputHandler.h">
      <Filter>RoseAura Interface</Filter>
    </ClInclude>
    <ClInclude Include="framework\include\IObjectActivator.h">
      <Filter>RoseAura Interface</Filter>
    </ClInclude>
    <ClInclude Include="framework\include\IWorldNavigator.h">
      <Filter>RoseAura Interface</Filter>
    </ClInclude>
    <ClInclude Include="framework\src\RoseAuraImpl.h">
      <Filter>ヘッダー ファイル</Filter>
    </ClInclude>
    <ClInclude Include="framework\src\InputHandler.h">
      <Filter>ヘッダー ファイル</Filter>
    </ClInclude>
    <ClInclude Include="framework\include\RoseAuraReturnCode.h">
      <Filter>RoseAura Interface</Filter>
    </ClInclude>
    <ClInclude Include="framework\include\ISoundCoordinator.h">
      <Filter>RoseAura Interface</Filter>
    </ClInclude>
    <ClInclude Include="framework\src\SoundCoordinator.h">
      <Filter>ヘッダー ファイル</Filter>
    </ClInclude>
    <ClInclude Include="framework\src\sound\SamplingRateConverter.h">
      <Filter>ヘッダー ファイル</Filter>
    </ClInclude>
    <ClInclude Include="framework\include\MediaUtility.h">
      <Filter>RoseAura Interface</Filter>
    </ClInclude>
    <ClInclude Include="framework\include\IStoryAnchor.h">
      <Filter>RoseAura Interface</Filter>
    </ClInclude>
    <ClInclude Include="framework\include\IConditionSaver.h">
      <Filter>RoseAura Interface</Filter>
    </ClInclude>
    <ClInclude Include="framework\src\StoryAnchor.h">
      <Filter>ヘッダー ファイル</Filter>
    </ClInclude>
    <ClInclude Include="framework\src\ConditionSaver.h">
      <Filter>ヘッダー ファイル</Filter>
    </ClInclude>
    <ClInclude Include="framework\src\media_utility\WaveFileHolderInternal.h">
      <Filter>MediaUtility</Filter>
    </ClInclude>
    <ClInclude Include="framework\src\media_utility\OpusFileHolderInternal.h">
      <Filter>MediaUtility</Filter>
    </ClInclude>
    <ClInclude Include="framework\src\media_utility\VideoFileHolderInternal.h">
      <Filter>MediaUtility</Filter>
    </ClInclude>
    <ClInclude Include="framework\src\media_utility\PreRenderThreadInternal.h">
      <Filter>MediaUtility</Filter>
    </ClInclude>
    <ClInclude Include="framework\src\media_utility\MultiBlockBufferInternal.h">
      <Filter>MediaUtility</Filter>
    </ClInclude>
    <ClInclude Include="framework\src\media_utility\MovieRendererInternal.h">
      <Filter>MediaUtility</Filter>
    </ClInclude>
    <ClInclude Include="resources\res.h">
      <Filter>ヘッダー ファイル</Filter>
    </ClInclude>
    <ClInclude Include="framework\src\media_utility\SoundSnapshotRendererInternal.h">
      <Filter>MediaUtility</Filter>
    </ClInclude>
    <ClInclude Include="framework\src\media_utility\MusicRendererInternal.h">
      <Filter>MediaUtility</Filter>
    </ClInclude>
    <ClInclude Include="framework\include\GeometricalUtility.h">
      <Filter>RoseAura Interface</Filter>
    </ClInclude>
  </ItemGroup>
  <ItemGroup>
    <None Include="vcpkg.json" />
    <None Include="resources\generate_resource.bat">
      <Filter>リソース ファイル</Filter>
    </None>
    <None Include="resources\generate_resource.ps1">
      <Filter>リソース ファイル</Filter>
    </None>
    <None Include="resources\shader\ConvertPictureF.fs">
      <Filter>リソース ファイル</Filter>
    </None>
    <None Include="resources\shader\ConvertPictureV.fs">
      <Filter>リソース ファイル</Filter>
    </None>
  </ItemGroup>
  <ItemGroup>
    <Text Include="resources\template_footer.txt">
      <Filter>リソース ファイル</Filter>
    </Text>
    <Text Include="resources\template_header.txt">
      <Filter>リソース ファイル</Filter>
    </Text>
  </ItemGroup>
</Project>