<?xml version="1.0" encoding="utf-8"?>
<Project ToolsVersion="4.0" xmlns="http://schemas.microsoft.com/developer/msbuild/2003">
  <ItemGroup>
    <Filter Include="ソース ファイル">
      <UniqueIdentifier>{4FC737F1-C7A5-4376-A066-2A32D752A2FF}</UniqueIdentifier>
      <Extensions>cpp;c;cc;cxx;c++;cppm;ixx;def;odl;idl;hpj;bat;asm;asmx</Extensions>
    </Filter>
    <Filter Include="ヘッダー ファイル">
      <UniqueIdentifier>{93995380-89BD-4b04-88EB-625FBE52EBFB}</UniqueIdentifier>
      <Extensions>h;hh;hpp;hxx;h++;hm;inl;inc;ipp;xsd</Extensions>
    </Filter>
    <Filter Include="リソース ファイル">
      <UniqueIdentifier>{67DA6AB6-F800-4c08-8B7A-83BB121AAD01}</UniqueIdentifier>
      <Extensions>rc;ico;cur;bmp;dlg;rc2;rct;bin;rgs;gif;jpg;jpeg;jpe;resx;tiff;tif;png;wav;mfcribbon-ms</Extensions>
    </Filter>
    <Filter Include="DummyGame">
      <UniqueIdentifier>{419078e0-2179-47cd-a58e-3e0261270e65}</UniqueIdentifier>
    </Filter>
    <Filter Include="RoseAura Interface">
      <UniqueIdentifier>{162150b2-d62e-4c31-897a-22208cdc693f}</UniqueIdentifier>
    </Filter>
  </ItemGroup>
  <ItemGroup>
    <ClCompile Include="framework\src\CentralLooper.cpp">
      <Filter>ソース ファイル</Filter>
    </ClCompile>
    <ClCompile Include="framework\src\GraphicsManager.cpp">
      <Filter>ソース ファイル</Filter>
    </ClCompile>
    <ClCompile Include="framework\src\InputHandler.cpp">
      <Filter>ソース ファイル</Filter>
    </ClCompile>
    <ClCompile Include="framework\src\ObjectRepository.cpp">
      <Filter>ソース ファイル</Filter>
    </ClCompile>
    <ClCompile Include="framework\src\Utility.cpp">
      <Filter>ソース ファイル</Filter>
    </ClCompile>
    <ClCompile Include="framework\src\WorldNavigator.cpp">
      <Filter>ソース ファイル</Filter>
    </ClCompile>
    <ClCompile Include="dummy_game\Main.cpp">
      <Filter>DummyGame</Filter>
    </ClCompile>
    <ClCompile Include="framework\src\RoseAura.cpp">
      <Filter>ソース ファイル</Filter>
    </ClCompile>
  </ItemGroup>
  <ItemGroup>
    <ClInclude Include="framework\src\CentralLooper.h">
      <Filter>ヘッダー ファイル</Filter>
    </ClInclude>
    <ClInclude Include="framework\src\GraphicsManager.h">
      <Filter>ヘッダー ファイル</Filter>
    </ClInclude>
    <ClInclude Include="framework\src\ObjectRepository.h">
      <Filter>ヘッダー ファイル</Filter>
    </ClInclude>
    <ClInclude Include="framework\src\Utility.h">
      <Filter>ヘッダー ファイル</Filter>
    </ClInclude>
    <ClInclude Include="framework\src\WorldNavigator.h">
      <Filter>ヘッダー ファイル</Filter>
    </ClInclude>
    <ClInclude Include="framework\include\RoseAura.h">
      <Filter>RoseAura Interface</Filter>
    </ClInclude>
    <ClInclude Include="framework\include\ICentralLooper.h">
      <Filter>RoseAura Interface</Filter>
    </ClInclude>
    <ClInclude Include="framework\include\IGraphicsManager.h">
      <Filter>RoseAura Interface</Filter>
    </ClInclude>
    <ClInclude Include="framework\include\IInputHandler.h">
      <Filter>RoseAura Interface</Filter>
    </ClInclude>
    <ClInclude Include="framework\include\IObjectRepository.h">
      <Filter>RoseAura Interface</Filter>
    </ClInclude>
    <ClInclude Include="framework\include\IWorldNavigator.h">
      <Filter>RoseAura Interface</Filter>
    </ClInclude>
    <ClInclude Include="framework\src\RoseAuraImpl.h">
      <Filter>ヘッダー ファイル</Filter>
    </ClInclude>
    <ClInclude Include="framework\src\InputHandler.h">
      <Filter>ヘッダー ファイル</Filter>
    </ClInclude>
  </ItemGroup>
</Project>