<?xml version="1.0" encoding="utf-8"?>
<Project ToolsVersion="4.0" xmlns="http://schemas.microsoft.com/developer/msbuild/2003">
  <ItemGroup>
    <ClInclude Include="CommonObjects.h">
      <Filter>ソース ファイル</Filter>
    </ClInclude>
    <ClInclude Include="Tool.h">
      <Filter>ソース ファイル</Filter>
    </ClInclude>
    <ClInclude Include="TopPageObjects.h">
      <Filter>ソース ファイル</Filter>
    </ClInclude>
    <ClInclude Include="MovieViewerObjects.h">
      <Filter>ソース ファイル</Filter>
    </ClInclude>
    <ClInclude Include="ModelCheckerObjects.h">
      <Filter>ソース ファイル</Filter>
    </ClInclude>
  </ItemGroup>
  <ItemGroup>
    <Filter Include="ソース ファイル">
      <UniqueIdentifier>{957b871d-8c41-4fc1-9e02-0780eb08e387}</UniqueIdentifier>
    </Filter>
    <Filter Include="リソース ファイル">
      <UniqueIdentifier>{69e0d1b7-dc46-4247-add9-b1e7369850a9}</UniqueIdentifier>
    </Filter>
  </ItemGroup>
  <ItemGroup>
    <ClCompile Include="Main.cpp">
      <Filter>ソース ファイル</Filter>
    </ClCompile>
  </ItemGroup>
  <ItemGroup>
    <None Include="resources\tool_list.json">
      <Filter>リソース ファイル</Filter>
    </None>
    <None Include="resources\story.json">
      <Filter>リソース ファイル</Filter>
    </None>
  </ItemGroup>
</Project>